
Microsoft Visual Studio Solution File, Format Version 12.00
# Visual Studio Version 16
VisualStudioVersion = 16.0.29025.244
MinimumVisualStudioVersion = 10.0.40219.1
Project("{888888A0-9F3D-457C-B088-3A5042F75D52}") = "FaceRegoniation", "FaceRegoniation.pyproj", "{B568EA22-061C-45AA-B055-8A0ED9D707CC}"
EndProject
Global
	GlobalSection(SolutionConfigurationPlatforms) = preSolution
		Debug|Any CPU = Debug|Any CPU
		Release|Any CPU = Release|Any CPU
	EndGlobalSection
	GlobalSection(ProjectConfigurationPlatforms) = postSolution
		{B568EA22-061C-45AA-B055-8A0ED9D707CC}.Debug|Any CPU.ActiveCfg = Debug|Any CPU
		{B568EA22-061C-45AA-B055-8A0ED9D707CC}.Release|Any CPU.ActiveCfg = Release|Any CPU
	EndGlobalSection
	GlobalSection(SolutionProperties) = preSolution
		HideSolutionNode = FALSE
	EndGlobalSection
	GlobalSection(ExtensibilityGlobals) = postSolution
		SolutionGuid = {7696E0FA-700C-4257-83F0-37F749A6F984}
	EndGlobalSection
EndGlobal
